
Microsoft Visual Studio Solution File, Format Version 12.00
# Visual Studio 15
VisualStudioVersion = 15.0.28010.2026
MinimumVisualStudioVersion = 10.0.40219.1
Project("{9A19103F-16F7-4668-BE54-9A1E7A4F7556}") = "SymbioticTS.Core", "SymbioticTS.Core\SymbioticTS.Core.csproj", "{1ECAEE62-E211-4B8C-B79A-1D69CB383C67}"
EndProject
Project("{9A19103F-16F7-4668-BE54-9A1E7A4F7556}") = "SymbioticTS.Abstractions", "SymbioticTS.Abstractions\SymbioticTS.Abstractions.csproj", "{948F413A-4CB1-4EF1-B4EA-FBF11D2E3123}"
EndProject
Project("{2150E333-8FDC-42A3-9474-1A3956D46DE8}") = "Tests", "Tests", "{B9760ED8-8BA4-4C20-8485-896F7387E150}"
EndProject
Project("{9A19103F-16F7-4668-BE54-9A1E7A4F7556}") = "SymbioticTS.Abstractions.Tests", "Tests\SymbioticTS.Abstractions.Tests\SymbioticTS.Abstractions.Tests.csproj", "{0FAB5B89-991F-4548-9216-4AAA84F7CAAB}"
EndProject
Project("{9A19103F-16F7-4668-BE54-9A1E7A4F7556}") = "SymbioticTS.Core.Tests", "Tests\SymbioticTS.Core.Tests\SymbioticTS.Core.Tests.csproj", "{DB9BFFBE-994B-4068-9DA9-F33E92A79F95}"
EndProject
Project("{2150E333-8FDC-42A3-9474-1A3956D46DE8}") = "Reference", "Reference", "{B8DFD84E-38B6-422E-A5DE-66397595CB31}"
EndProject
Project("{9A19103F-16F7-4668-BE54-9A1E7A4F7556}") = "ScenarioReferenceProject", "Tests\Reference\ScenarioReferenceProject\ScenarioReferenceProject.csproj", "{48720F14-9377-4AB2-ADBB-91BDD685BE46}"
EndProject
Project("{9A19103F-16F7-4668-BE54-9A1E7A4F7556}") = "DiscoveryReferenceProject", "Tests\Reference\DiscoveryReferenceProject\DiscoveryReferenceProject.csproj", "{780F2684-7D9F-4759-8590-CBC47663CC09}"
EndProject
Project("{9A19103F-16F7-4668-BE54-9A1E7A4F7556}") = "DiscoveryReferenceProjectWithReference", "Tests\Reference\DiscoveryReferenceProjectWithReference\DiscoveryReferenceProjectWithReference.csproj", "{39FC1931-1C22-4B06-919B-CDF3359F66CC}"
EndProject
Project("{2150E333-8FDC-42A3-9474-1A3956D46DE8}") = "Solution Items", "Solution Items", "{4E607303-D7E2-469A-A677-9A79F0B9A6DD}"
	ProjectSection(SolutionItems) = preProject
		.editorconfig = .editorconfig
	EndProjectSection
EndProject
Project("{9A19103F-16F7-4668-BE54-9A1E7A4F7556}") = "SymbioticTS.TestLibrary", "Tests\SymbioticTS.TestLibrary\SymbioticTS.TestLibrary.csproj", "{497F6638-5F77-4D97-97E7-A4FEC5F75252}"
EndProject
Project("{FAE04EC0-301F-11D3-BF4B-00C04F79EFBC}") = "UnitTestReferenceLibrary", "Tests\Reference\UnitTestReferenceLibrary\UnitTestReferenceLibrary.csproj", "{0C9E46D6-9DAD-4E45-9410-231834456A5B}"
EndProject
Global
	GlobalSection(SolutionConfigurationPlatforms) = preSolution
		Debug|Any CPU = Debug|Any CPU
		Release|Any CPU = Release|Any CPU
	EndGlobalSection
	GlobalSection(ProjectConfigurationPlatforms) = postSolution
		{1ECAEE62-E211-4B8C-B79A-1D69CB383C67}.Debug|Any CPU.ActiveCfg = Debug|Any CPU
		{1ECAEE62-E211-4B8C-B79A-1D69CB383C67}.Debug|Any CPU.Build.0 = Debug|Any CPU
		{1ECAEE62-E211-4B8C-B79A-1D69CB383C67}.Release|Any CPU.ActiveCfg = Release|Any CPU
		{1ECAEE62-E211-4B8C-B79A-1D69CB383C67}.Release|Any CPU.Build.0 = Release|Any CPU
		{948F413A-4CB1-4EF1-B4EA-FBF11D2E3123}.Debug|Any CPU.ActiveCfg = Debug|Any CPU
		{948F413A-4CB1-4EF1-B4EA-FBF11D2E3123}.Debug|Any CPU.Build.0 = Debug|Any CPU
		{948F413A-4CB1-4EF1-B4EA-FBF11D2E3123}.Release|Any CPU.ActiveCfg = Release|Any CPU
		{948F413A-4CB1-4EF1-B4EA-FBF11D2E3123}.Release|Any CPU.Build.0 = Release|Any CPU
		{0FAB5B89-991F-4548-9216-4AAA84F7CAAB}.Debug|Any CPU.ActiveCfg = Debug|Any CPU
		{0FAB5B89-991F-4548-9216-4AAA84F7CAAB}.Debug|Any CPU.Build.0 = Debug|Any CPU
		{0FAB5B89-991F-4548-9216-4AAA84F7CAAB}.Release|Any CPU.ActiveCfg = Release|Any CPU
		{0FAB5B89-991F-4548-9216-4AAA84F7CAAB}.Release|Any CPU.Build.0 = Release|Any CPU
		{DB9BFFBE-994B-4068-9DA9-F33E92A79F95}.Debug|Any CPU.ActiveCfg = Debug|Any CPU
		{DB9BFFBE-994B-4068-9DA9-F33E92A79F95}.Debug|Any CPU.Build.0 = Debug|Any CPU
		{DB9BFFBE-994B-4068-9DA9-F33E92A79F95}.Release|Any CPU.ActiveCfg = Release|Any CPU
		{DB9BFFBE-994B-4068-9DA9-F33E92A79F95}.Release|Any CPU.Build.0 = Release|Any CPU
		{48720F14-9377-4AB2-ADBB-91BDD685BE46}.Debug|Any CPU.ActiveCfg = Debug|Any CPU
		{48720F14-9377-4AB2-ADBB-91BDD685BE46}.Debug|Any CPU.Build.0 = Debug|Any CPU
		{48720F14-9377-4AB2-ADBB-91BDD685BE46}.Release|Any CPU.ActiveCfg = Release|Any CPU
		{48720F14-9377-4AB2-ADBB-91BDD685BE46}.Release|Any CPU.Build.0 = Release|Any CPU
		{780F2684-7D9F-4759-8590-CBC47663CC09}.Debug|Any CPU.ActiveCfg = Debug|Any CPU
		{780F2684-7D9F-4759-8590-CBC47663CC09}.Debug|Any CPU.Build.0 = Debug|Any CPU
		{780F2684-7D9F-4759-8590-CBC47663CC09}.Release|Any CPU.ActiveCfg = Release|Any CPU
		{780F2684-7D9F-4759-8590-CBC47663CC09}.Release|Any CPU.Build.0 = Release|Any CPU
		{39FC1931-1C22-4B06-919B-CDF3359F66CC}.Debug|Any CPU.ActiveCfg = Debug|Any CPU
		{39FC1931-1C22-4B06-919B-CDF3359F66CC}.Debug|Any CPU.Build.0 = Debug|Any CPU
		{39FC1931-1C22-4B06-919B-CDF3359F66CC}.Release|Any CPU.ActiveCfg = Release|Any CPU
		{39FC1931-1C22-4B06-919B-CDF3359F66CC}.Release|Any CPU.Build.0 = Release|Any CPU
		{497F6638-5F77-4D97-97E7-A4FEC5F75252}.Debug|Any CPU.ActiveCfg = Debug|Any CPU
		{497F6638-5F77-4D97-97E7-A4FEC5F75252}.Debug|Any CPU.Build.0 = Debug|Any CPU
		{497F6638-5F77-4D97-97E7-A4FEC5F75252}.Release|Any CPU.ActiveCfg = Release|Any CPU
		{497F6638-5F77-4D97-97E7-A4FEC5F75252}.Release|Any CPU.Build.0 = Release|Any CPU
		{0C9E46D6-9DAD-4E45-9410-231834456A5B}.Debug|Any CPU.ActiveCfg = Debug|Any CPU
		{0C9E46D6-9DAD-4E45-9410-231834456A5B}.Debug|Any CPU.Build.0 = Debug|Any CPU
		{0C9E46D6-9DAD-4E45-9410-231834456A5B}.Release|Any CPU.ActiveCfg = Release|Any CPU
		{0C9E46D6-9DAD-4E45-9410-231834456A5B}.Release|Any CPU.Build.0 = Release|Any CPU
	EndGlobalSection
	GlobalSection(SolutionProperties) = preSolution
		HideSolutionNode = FALSE
	EndGlobalSection
	GlobalSection(NestedProjects) = preSolution
		{0FAB5B89-991F-4548-9216-4AAA84F7CAAB} = {B9760ED8-8BA4-4C20-8485-896F7387E150}
		{DB9BFFBE-994B-4068-9DA9-F33E92A79F95} = {B9760ED8-8BA4-4C20-8485-896F7387E150}
		{B8DFD84E-38B6-422E-A5DE-66397595CB31} = {B9760ED8-8BA4-4C20-8485-896F7387E150}
		{48720F14-9377-4AB2-ADBB-91BDD685BE46} = {B8DFD84E-38B6-422E-A5DE-66397595CB31}
		{780F2684-7D9F-4759-8590-CBC47663CC09} = {B8DFD84E-38B6-422E-A5DE-66397595CB31}
		{39FC1931-1C22-4B06-919B-CDF3359F66CC} = {B8DFD84E-38B6-422E-A5DE-66397595CB31}
		{497F6638-5F77-4D97-97E7-A4FEC5F75252} = {B9760ED8-8BA4-4C20-8485-896F7387E150}
		{0C9E46D6-9DAD-4E45-9410-231834456A5B} = {B8DFD84E-38B6-422E-A5DE-66397595CB31}
	EndGlobalSection
	GlobalSection(ExtensibilityGlobals) = postSolution
		SolutionGuid = {B3175479-04EF-4246-B34C-DF4901E62C35}
	EndGlobalSection
EndGlobal
